// !$*UTF8*$!
{
	archiveVersion = 1;
	classes = {
	};
	objectVersion = 46;
	objects = {

/* Begin PBXBuildFile section */
		A339F4091E9986620031C506 /* AppDelegate.swift in Sources */ = {isa = PBXBuildFile; fileRef = A339F4081E9986620031C506 /* AppDelegate.swift */; };
		A339F40B1E9986620031C506 /* ViewController.swift in Sources */ = {isa = PBXBuildFile; fileRef = A339F40A1E9986620031C506 /* ViewController.swift */; };
		A339F40E1E9986620031C506 /* Main.storyboard in Resources */ = {isa = PBXBuildFile; fileRef = A339F40C1E9986620031C506 /* Main.storyboard */; };
		A339F4101E9986620031C506 /* Assets.xcassets in Resources */ = {isa = PBXBuildFile; fileRef = A339F40F1E9986620031C506 /* Assets.xcassets */; };
		A339F4131E9986620031C506 /* LaunchScreen.storyboard in Resources */ = {isa = PBXBuildFile; fileRef = A339F4111E9986620031C506 /* LaunchScreen.storyboard */; };
		A339F4231E9988150031C506 /* Activation.swift in Sources */ = {isa = PBXBuildFile; fileRef = A339F41B1E9988150031C506 /* Activation.swift */; };
		A339F4241E9988150031C506 /* Cache.swift in Sources */ = {isa = PBXBuildFile; fileRef = A339F41C1E9988150031C506 /* Cache.swift */; };
		A339F4251E9988150031C506 /* Config.swift in Sources */ = {isa = PBXBuildFile; fileRef = A339F41D1E9988150031C506 /* Config.swift */; };
		A339F4261E9988150031C506 /* Cost.swift in Sources */ = {isa = PBXBuildFile; fileRef = A339F41E1E9988150031C506 /* Cost.swift */; };
		A339F4271E9988150031C506 /* Dataset.swift in Sources */ = {isa = PBXBuildFile; fileRef = A339F41F1E9988150031C506 /* Dataset.swift */; };
		A339F4281E9988150031C506 /* NeuralNet.swift in Sources */ = {isa = PBXBuildFile; fileRef = A339F4201E9988150031C506 /* NeuralNet.swift */; };
		A339F4291E9988150031C506 /* Storage.swift in Sources */ = {isa = PBXBuildFile; fileRef = A339F4211E9988150031C506 /* Storage.swift */; };
		A339F42A1E9988150031C506 /* Structure.swift in Sources */ = {isa = PBXBuildFile; fileRef = A339F4221E9988150031C506 /* Structure.swift */; };
		A36E538A1E998C7100234B52 /* BNNSExample.swift in Sources */ = {isa = PBXBuildFile; fileRef = A36E53891E998C7100234B52 /* BNNSExample.swift */; };
/* End PBXBuildFile section */

/* Begin PBXFileReference section */
		A339F4051E9986620031C506 /* AICamp2017.app */ = {isa = PBXFileReference; explicitFileType = wrapper.application; includeInIndex = 0; path = AICamp2017.app; sourceTree = BUILT_PRODUCTS_DIR; };
		A339F4081E9986620031C506 /* AppDelegate.swift */ = {isa = PBXFileReference; lastKnownFileType = sourcecode.swift; path = AppDelegate.swift; sourceTree = "<group>"; };
		A339F40A1E9986620031C506 /* ViewController.swift */ = {isa = PBXFileReference; lastKnownFileType = sourcecode.swift; path = ViewController.swift; sourceTree = "<group>"; };
		A339F40D1E9986620031C506 /* Base */ = {isa = PBXFileReference; lastKnownFileType = file.storyboard; name = Base; path = Base.lproj/Main.storyboard; sourceTree = "<group>"; };
		A339F40F1E9986620031C506 /* Assets.xcassets */ = {isa = PBXFileReference; lastKnownFileType = folder.assetcatalog; path = Assets.xcassets; sourceTree = "<group>"; };
		A339F4121E9986620031C506 /* Base */ = {isa = PBXFileReference; lastKnownFileType = file.storyboard; name = Base; path = Base.lproj/LaunchScreen.storyboard; sourceTree = "<group>"; };
		A339F4141E9986620031C506 /* Info.plist */ = {isa = PBXFileReference; lastKnownFileType = text.plist.xml; path = Info.plist; sourceTree = "<group>"; };
		A339F41B1E9988150031C506 /* Activation.swift */ = {isa = PBXFileReference; fileEncoding = 4; lastKnownFileType = sourcecode.swift; path = Activation.swift; sourceTree = "<group>"; };
		A339F41C1E9988150031C506 /* Cache.swift */ = {isa = PBXFileReference; fileEncoding = 4; lastKnownFileType = sourcecode.swift; path = Cache.swift; sourceTree = "<group>"; };
		A339F41D1E9988150031C506 /* Config.swift */ = {isa = PBXFileReference; fileEncoding = 4; lastKnownFileType = sourcecode.swift; path = Config.swift; sourceTree = "<group>"; };
		A339F41E1E9988150031C506 /* Cost.swift */ = {isa = PBXFileReference; fileEncoding = 4; lastKnownFileType = sourcecode.swift; path = Cost.swift; sourceTree = "<group>"; };
		A339F41F1E9988150031C506 /* Dataset.swift */ = {isa = PBXFileReference; fileEncoding = 4; lastKnownFileType = sourcecode.swift; path = Dataset.swift; sourceTree = "<group>"; };
		A339F4201E9988150031C506 /* NeuralNet.swift */ = {isa = PBXFileReference; fileEncoding = 4; lastKnownFileType = sourcecode.swift; path = NeuralNet.swift; sourceTree = "<group>"; };
		A339F4211E9988150031C506 /* Storage.swift */ = {isa = PBXFileReference; fileEncoding = 4; lastKnownFileType = sourcecode.swift; path = Storage.swift; sourceTree = "<group>"; };
		A339F4221E9988150031C506 /* Structure.swift */ = {isa = PBXFileReference; fileEncoding = 4; lastKnownFileType = sourcecode.swift; path = Structure.swift; sourceTree = "<group>"; };
		A36E53891E998C7100234B52 /* BNNSExample.swift */ = {isa = PBXFileReference; fileEncoding = 4; lastKnownFileType = sourcecode.swift; path = BNNSExample.swift; sourceTree = "<group>"; };
/* End PBXFileReference section */

/* Begin PBXFrameworksBuildPhase section */
		A339F4021E9986620031C506 /* Frameworks */ = {
			isa = PBXFrameworksBuildPhase;
			buildActionMask = 2147483647;
			files = (
			);
			runOnlyForDeploymentPostprocessing = 0;
		};
/* End PBXFrameworksBuildPhase section */

/* Begin PBXGroup section */
		A339F3FC1E9986620031C506 = {
			isa = PBXGroup;
			children = (
				A339F41A1E9988150031C506 /* Swift-AI */,
				A339F4071E9986620031C506 /* AICamp2017 */,
				A339F4061E9986620031C506 /* Products */,
			);
			sourceTree = "<group>";
		};
		A339F4061E9986620031C506 /* Products */ = {
			isa = PBXGroup;
			children = (
				A339F4051E9986620031C506 /* AICamp2017.app */,
			);
			name = Products;
			sourceTree = "<group>";
		};
		A339F4071E9986620031C506 /* AICamp2017 */ = {
			isa = PBXGroup;
			children = (
				A339F4081E9986620031C506 /* AppDelegate.swift */,
				A36E53891E998C7100234B52 /* BNNSExample.swift */,
				A339F40A1E9986620031C506 /* ViewController.swift */,
				A339F40C1E9986620031C506 /* Main.storyboard */,
				A339F40F1E9986620031C506 /* Assets.xcassets */,
				A339F4111E9986620031C506 /* LaunchScreen.storyboard */,
				A339F4141E9986620031C506 /* Info.plist */,
			);
			path = AICamp2017;
			sourceTree = "<group>";
		};
		A339F41A1E9988150031C506 /* Swift-AI */ = {
			isa = PBXGroup;
			children = (
				A339F41B1E9988150031C506 /* Activation.swift */,
				A339F41C1E9988150031C506 /* Cache.swift */,
				A339F41D1E9988150031C506 /* Config.swift */,
				A339F41E1E9988150031C506 /* Cost.swift */,
				A339F41F1E9988150031C506 /* Dataset.swift */,
				A339F4201E9988150031C506 /* NeuralNet.swift */,
				A339F4211E9988150031C506 /* Storage.swift */,
				A339F4221E9988150031C506 /* Structure.swift */,
			);
			path = "Swift-AI";
			sourceTree = "<group>";
		};
/* End PBXGroup section */

/* Begin PBXNativeTarget section */
		A339F4041E9986620031C506 /* AICamp2017 */ = {
			isa = PBXNativeTarget;
			buildConfigurationList = A339F4171E9986620031C506 /* Build configuration list for PBXNativeTarget "AICamp2017" */;
			buildPhases = (
				A339F4011E9986620031C506 /* Sources */,
				A339F4021E9986620031C506 /* Frameworks */,
				A339F4031E9986620031C506 /* Resources */,
			);
			buildRules = (
			);
			dependencies = (
			);
			name = AICamp2017;
			productName = AICamp2017;
			productReference = A339F4051E9986620031C506 /* AICamp2017.app */;
			productType = "com.apple.product-type.application";
		};
/* End PBXNativeTarget section */

/* Begin PBXProject section */
		A339F3FD1E9986620031C506 /* Project object */ = {
			isa = PBXProject;
			attributes = {
				LastSwiftUpdateCheck = 0820;
				LastUpgradeCheck = 0820;
				ORGANIZATIONNAME = "Darius Miliauskas";
				TargetAttributes = {
					A339F4041E9986620031C506 = {
						CreatedOnToolsVersion = 8.2.1;
						ProvisioningStyle = Automatic;
					};
				};
			};
			buildConfigurationList = A339F4001E9986620031C506 /* Build configuration list for PBXProject "AICamp2017" */;
			compatibilityVersion = "Xcode 3.2";
			developmentRegion = English;
			hasScannedForEncodings = 0;
			knownRegions = (
				en,
				Base,
			);
			mainGroup = A339F3FC1E9986620031C506;
			productRefGroup = A339F4061E9986620031C506 /* Products */;
			projectDirPath = "";
			projectRoot = "";
			targets = (
				A339F4041E9986620031C506 /* AICamp2017 */,
			);
		};
/* End PBXProject section */

/* Begin PBXResourcesBuildPhase section */
		A339F4031E9986620031C506 /* Resources */ = {
			isa = PBXResourcesBuildPhase;
			buildActionMask = 2147483647;
			files = (
				A339F4131E9986620031C506 /* LaunchScreen.storyboard in Resources */,
				A339F4101E9986620031C506 /* Assets.xcassets in Resources */,
				A339F40E1E9986620031C506 /* Main.storyboard in Resources */,
			);
			runOnlyForDeploymentPostprocessing = 0;
		};
/* End PBXResourcesBuildPhase section */

/* Begin PBXSourcesBuildPhase section */
		A339F4011E9986620031C506 /* Sources */ = {
			isa = PBXSourcesBuildPhase;
			buildActionMask = 2147483647;
			files = (
				A36E538A1E998C7100234B52 /* BNNSExample.swift in Sources */,
				A339F4281E9988150031C506 /* NeuralNet.swift in Sources */,
				A339F4261E9988150031C506 /* Cost.swift in Sources */,
				A339F4271E9988150031C506 /* Dataset.swift in Sources */,
				A339F40B1E9986620031C506 /* ViewController.swift in Sources */,
				A339F4231E9988150031C506 /* Activation.swift in Sources */,
				A339F4291E9988150031C506 /* Storage.swift in Sources */,
				A339F4251E9988150031C506 /* Config.swift in Sources */,
				A339F42A1E9988150031C506 /* Structure.swift in Sources */,
				A339F4241E9988150031C506 /* Cache.swift in Sources */,
				A339F4091E9986620031C506 /* AppDelegate.swift in Sources */,
			);
			runOnlyForDeploymentPostprocessing = 0;
		};
/* End PBXSourcesBuildPhase section */

/* Begin PBXVariantGroup section */
		A339F40C1E9986620031C506 /* Main.storyboard */ = {
			isa = PBXVariantGroup;
			children = (
				A339F40D1E9986620031C506 /* Base */,
			);
			name = Main.storyboard;
			sourceTree = "<group>";
		};
		A339F4111E9986620031C506 /* LaunchScreen.storyboard */ = {
			isa = PBXVariantGroup;
			children = (
				A339F4121E9986620031C506 /* Base */,
			);
			name = LaunchScreen.storyboard;
			sourceTree = "<group>";
		};
/* End PBXVariantGroup section */

/* Begin XCBuildConfiguration section */
		A339F4151E9986620031C506 /* Debug */ = {
			isa = XCBuildConfiguration;
			buildSettings = {
				ALWAYS_SEARCH_USER_PATHS = NO;
				CLANG_ANALYZER_NONNULL = YES;
				CLANG_CXX_LANGUAGE_STANDARD = "gnu++0x";
				CLANG_CXX_LIBRARY = "libc++";
				CLANG_ENABLE_MODULES = YES;
				CLANG_ENABLE_OBJC_ARC = YES;
				CLANG_WARN_BOOL_CONVERSION = YES;
				CLANG_WARN_CONSTANT_CONVERSION = YES;
				CLANG_WARN_DIRECT_OBJC_ISA_USAGE = YES_ERROR;
				CLANG_WARN_DOCUMENTATION_COMMENTS = YES;
				CLANG_WARN_EMPTY_BODY = YES;
				CLANG_WARN_ENUM_CONVERSION = YES;
				CLANG_WARN_INFINITE_RECURSION = YES;
				CLANG_WARN_INT_CONVERSION = YES;
				CLANG_WARN_OBJC_ROOT_CLASS = YES_ERROR;
				CLANG_WARN_SUSPICIOUS_MOVE = YES;
				CLANG_WARN_UNREACHABLE_CODE = YES;
				CLANG_WARN__DUPLICATE_METHOD_MATCH = YES;
				"CODE_SIGN_IDENTITY[sdk=iphoneos*]" = "iPhone Developer";
				COPY_PHASE_STRIP = NO;
				DEBUG_INFORMATION_FORMAT = dwarf;
				ENABLE_STRICT_OBJC_MSGSEND = YES;
				ENABLE_TESTABILITY = YES;
				GCC_C_LANGUAGE_STANDARD = gnu99;
				GCC_DYNAMIC_NO_PIC = NO;
				GCC_NO_COMMON_BLOCKS = YES;
				GCC_OPTIMIZATION_LEVEL = 0;
				GCC_PREPROCESSOR_DEFINITIONS = (
					"DEBUG=1",
					"$(inherited)",
				);
				GCC_WARN_64_TO_32_BIT_CONVERSION = YES;
				GCC_WARN_ABOUT_RETURN_TYPE = YES_ERROR;
				GCC_WARN_UNDECLARED_SELECTOR = YES;
				GCC_WARN_UNINITIALIZED_AUTOS = YES_AGGRESSIVE;
				GCC_WARN_UNUSED_FUNCTION = YES;
				GCC_WARN_UNUSED_VARIABLE = YES;
				IPHONEOS_DEPLOYMENT_TARGET = 10.2;
				MTL_ENABLE_DEBUG_INFO = YES;
				ONLY_ACTIVE_ARCH = YES;
				SDKROOT = iphoneos;
				SWIFT_ACTIVE_COMPILATION_CONDITIONS = DEBUG;
				SWIFT_OPTIMIZATION_LEVEL = "-Onone";
			};
			name = Debug;
		};
		A339F4161E9986620031C506 /* Release */ = {
			isa = XCBuildConfiguration;
			buildSettings = {
				ALWAYS_SEARCH_USER_PATHS = NO;
				CLANG_ANALYZER_NONNULL = YES;
				CLANG_CXX_LANGUAGE_STANDARD = "gnu++0x";
				CLANG_CXX_LIBRARY = "libc++";
				CLANG_ENABLE_MODULES = YES;
				CLANG_ENABLE_OBJC_ARC = YES;
				CLANG_WARN_BOOL_CONVERSION = YES;
				CLANG_WARN_CONSTANT_CONVERSION = YES;
				CLANG_WARN_DIRECT_OBJC_ISA_USAGE = YES_ERROR;
				CLANG_WARN_DOCUMENTATION_COMMENTS = YES;
				CLANG_WARN_EMPTY_BODY = YES;
				CLANG_WARN_ENUM_CONVERSION = YES;
				CLANG_WARN_INFINITE_RECURSION = YES;
				CLANG_WARN_INT_CONVERSION = YES;
				CLANG_WARN_OBJC_ROOT_CLASS = YES_ERROR;
				CLANG_WARN_SUSPICIOUS_MOVE = YES;
				CLANG_WARN_UNREACHABLE_CODE = YES;
				CLANG_WARN__DUPLICATE_METHOD_MATCH = YES;
				"CODE_SIGN_IDENTITY[sdk=iphoneos*]" = "iPhone Developer";
				COPY_PHASE_STRIP = NO;
				DEBUG_INFORMATION_FORMAT = "dwarf-with-dsym";
				ENABLE_NS_ASSERTIONS = NO;
				ENABLE_STRICT_OBJC_MSGSEND = YES;
				GCC_C_LANGUAGE_STANDARD = gnu99;
				GCC_NO_COMMON_BLOCKS = YES;
				GCC_WARN_64_TO_32_BIT_CONVERSION = YES;
				GCC_WARN_ABOUT_RETURN_TYPE = YES_ERROR;
				GCC_WARN_UNDECLARED_SELECTOR = YES;
				GCC_WARN_UNINITIALIZED_AUTOS = YES_AGGRESSIVE;
				GCC_WARN_UNUSED_FUNCTION = YES;
				GCC_WARN_UNUSED_VARIABLE = YES;
				IPHONEOS_DEPLOYMENT_TARGET = 10.2;
				MTL_ENABLE_DEBUG_INFO = NO;
				SDKROOT = iphoneos;
				SWIFT_OPTIMIZATION_LEVEL = "-Owholemodule";
				VALIDATE_PRODUCT = YES;
			};
			name = Release;
		};
		A339F4181E9986620031C506 /* Debug */ = {
			isa = XCBuildConfiguration;
			buildSettings = {
				ASSETCATALOG_COMPILER_APPICON_NAME = AppIcon;
				INFOPLIST_FILE = AICamp2017/Info.plist;
				LD_RUNPATH_SEARCH_PATHS = "$(inherited) @executable_path/Frameworks";
				PRODUCT_BUNDLE_IDENTIFIER = com.dariukas.AICamp2017;
				PRODUCT_NAME = "$(TARGET_NAME)";
				SWIFT_VERSION = 3.0;
			};
			name = Debug;
		};
		A339F4191E9986620031C506 /* Release */ = {
			isa = XCBuildConfiguration;
			buildSettings = {
				ASSETCATALOG_COMPILER_APPICON_NAME = AppIcon;
				INFOPLIST_FILE = AICamp2017/Info.plist;
				LD_RUNPATH_SEARCH_PATHS = "$(inherited) @executable_path/Frameworks";
				PRODUCT_BUNDLE_IDENTIFIER = com.dariukas.AICamp2017;
				PRODUCT_NAME = "$(TARGET_NAME)";
				SWIFT_VERSION = 3.0;
			};
			name = Release;
		};
/* End XCBuildConfiguration section */

/* Begin XCConfigurationList section */
		A339F4001E9986620031C506 /* Build configuration list for PBXProject "AICamp2017" */ = {
			isa = XCConfigurationList;
			buildConfigurations = (
				A339F4151E9986620031C506 /* Debug */,
				A339F4161E9986620031C506 /* Release */,
			);
			defaultConfigurationIsVisible = 0;
			defaultConfigurationName = Release;
		};
		A339F4171E9986620031C506 /* Build configuration list for PBXNativeTarget "AICamp2017" */ = {
			isa = XCConfigurationList;
			buildConfigurations = (
				A339F4181E9986620031C506 /* Debug */,
				A339F4191E9986620031C506 /* Release */,
			);
			defaultConfigurationIsVisible = 0;
			defaultConfigurationName = Release;
		};
/* End XCConfigurationList section */
	};
	rootObject = A339F3FD1E9986620031C506 /* Project object */;
}
